
Microsoft Visual Studio Solution File, Format Version 12.00
# Visual Studio Version 17
VisualStudioVersion = 17.11.35327.3
MinimumVisualStudioVersion = 10.0.40219.1
Project("{9A19103F-16F7-4668-BE54-9A1E7A4F7556}") = "DesafioPOO", "DesafioPOO.csproj", "{FAAF3778-2168-415A-96A9-C0D3C40DAC0F}"
EndProject
Global
	GlobalSection(SolutionConfigurationPlatforms) = preSolution
		Debug|Any CPU = Debug|Any CPU
		Release|Any CPU = Release|Any CPU
	EndGlobalSection
	GlobalSection(ProjectConfigurationPlatforms) = postSolution
		{FAAF3778-2168-415A-96A9-C0D3C40DAC0F}.Debug|Any CPU.ActiveCfg = Debug|Any CPU
		{FAAF3778-2168-415A-96A9-C0D3C40DAC0F}.Debug|Any CPU.Build.0 = Debug|Any CPU
		{FAAF3778-2168-415A-96A9-C0D3C40DAC0F}.Release|Any CPU.ActiveCfg = Release|Any CPU
		{FAAF3778-2168-415A-96A9-C0D3C40DAC0F}.Release|Any CPU.Build.0 = Release|Any CPU
	EndGlobalSection
	GlobalSection(SolutionProperties) = preSolution
		HideSolutionNode = FALSE
	EndGlobalSection
	GlobalSection(ExtensibilityGlobals) = postSolution
		SolutionGuid = {33AA0848-28F5-4E2B-901D-CA3E7673A33E}
	EndGlobalSection
EndGlobal
